dependencies:
- name: ingresslib
  repository: https://terra-helm.storage.googleapis.com
  version: 0.12.0
- name: liquibase-migration
  repository: https://terra-helm.storage.googleapis.com
  version: 1.1.0
- name: pdb-lib
  repository: https://terra-helm.storage.googleapis.com
  version: 0.2.0
- name: sherlock-reporter
  repository: https://terra-helm.storage.googleapis.com
  version: 0.3.0
digest: sha256:f34d18ea76c47357f52b85ebf689798ace58cd1853bba606ea3bf4d95f1584fb
generated: "2021-12-01T14:17:47.305596-05:00"
