dependencies:
- name: terra-kernel-psps
  repository: https://broadinstitute.github.io/terra-helm/
  version: 0.0.1
- name: install-secrets-manager
  repository: https://broadinstitute.github.io/datarepo-helm/
  version: 0.0.4
- name: terra-kernel-networking
  repository: https://broadinstitute.github.io/terra-helm/
  version: 0.0.0
digest: sha256:6d6c266ddbd2846ea03775c0edf72884447565bf52c4679d6f5fda96814969e6
generated: "2020-04-13T15:05:35.693132-04:00"
