dependencies:
- name: pdb-lib
  repository: https://terra-helm.storage.googleapis.com/
  version: 0.4.0
- name: liquibase-migration
  repository: https://terra-helm.storage.googleapis.com
  version: 1.1.0
- name: sherlock-reporter
  repository: https://terra-helm.storage.googleapis.com
  version: 0.3.0
digest: sha256:213584848a8a2e6098a67ce24f2a0ac16b450634229561efb3095e26b0505eab
generated: "2021-10-29T17:44:35.8810956Z"
