dependencies:
- name: argo-cd
  repository: https://argoproj.github.io/argo-helm
  version: 2.9.2
- name: dsp-argocd-notifications
  repository: file://local-charts/dsp-argocd-notifications
  version: 0.0.1
digest: sha256:7a2325e80402b383d908b9bb91f510de1e9e0018bbd310db8dea65756d738f77
generated: "2021-08-03T11:36:23.527538-04:00"
